
Microsoft Visual Studio Solution File, Format Version 12.00
# Visual Studio 14
VisualStudioVersion = 14.0.23107.0
MinimumVisualStudioVersion = 10.0.40219.1
Project("{FAE04EC0-301F-11D3-BF4B-00C04F79EFBC}") = "RM2k2XP", "RM2k2XP\RM2k2XP.csproj", "{7E36A6AE-227C-4E64-BF27-B904608C336D}"
EndProject
Project("{FAE04EC0-301F-11D3-BF4B-00C04F79EFBC}") = "RM2k2XP.Converters", "RM2k2XP.Converters\RM2k2XP.Converters.csproj", "{B4509090-9437-4ED0-BFB5-1C81FDD9E2AA}"
EndProject
Global
	GlobalSection(SolutionConfigurationPlatforms) = preSolution
		Debug|Any CPU = Debug|Any CPU
		Release|Any CPU = Release|Any CPU
	EndGlobalSection
	GlobalSection(ProjectConfigurationPlatforms) = postSolution
		{7E36A6AE-227C-4E64-BF27-B904608C336D}.Debug|Any CPU.ActiveCfg = Debug|Any CPU
		{7E36A6AE-227C-4E64-BF27-B904608C336D}.Debug|Any CPU.Build.0 = Debug|Any CPU
		{7E36A6AE-227C-4E64-BF27-B904608C336D}.Release|Any CPU.ActiveCfg = Release|Any CPU
		{7E36A6AE-227C-4E64-BF27-B904608C336D}.Release|Any CPU.Build.0 = Release|Any CPU
		{B4509090-9437-4ED0-BFB5-1C81FDD9E2AA}.Debug|Any CPU.ActiveCfg = Debug|Any CPU
		{B4509090-9437-4ED0-BFB5-1C81FDD9E2AA}.Debug|Any CPU.Build.0 = Debug|Any CPU
		{B4509090-9437-4ED0-BFB5-1C81FDD9E2AA}.Release|Any CPU.ActiveCfg = Release|Any CPU
		{B4509090-9437-4ED0-BFB5-1C81FDD9E2AA}.Release|Any CPU.Build.0 = Release|Any CPU
	EndGlobalSection
	GlobalSection(SolutionProperties) = preSolution
		HideSolutionNode = FALSE
	EndGlobalSection
EndGlobal
